
Microsoft Visual Studio Solution File, Format Version 12.00
# Visual Studio Version 17
VisualStudioVersion = 17.8.34330.188
MinimumVisualStudioVersion = 10.0.40219.1
Project("{FAE04EC0-301F-11D3-BF4B-00C04F79EFBC}") = "WebApplicationBD", "WebApplicationBD.csproj", "{D9864732-C682-4986-A177-6813BF9DC740}"
EndProject
Global
	GlobalSection(SolutionConfigurationPlatforms) = preSolution
		Debug|Any CPU = Debug|Any CPU
		Release|Any CPU = Release|Any CPU
	EndGlobalSection
	GlobalSection(ProjectConfigurationPlatforms) = postSolution
		{D9864732-C682-4986-A177-6813BF9DC740}.Debug|Any CPU.ActiveCfg = Debug|Any CPU
		{D9864732-C682-4986-A177-6813BF9DC740}.Debug|Any CPU.Build.0 = Debug|Any CPU
		{D9864732-C682-4986-A177-6813BF9DC740}.Release|Any CPU.ActiveCfg = Release|Any CPU
		{D9864732-C682-4986-A177-6813BF9DC740}.Release|Any CPU.Build.0 = Release|Any CPU
	EndGlobalSection
	GlobalSection(SolutionProperties) = preSolution
		HideSolutionNode = FALSE
	EndGlobalSection
	GlobalSection(ExtensibilityGlobals) = postSolution
		SolutionGuid = {8E2E7148-1939-4402-BE12-560A5AD79842}
	EndGlobalSection
EndGlobal
